
Microsoft Visual Studio Solution File, Format Version 12.00
# Visual Studio Version 16
VisualStudioVersion = 16.0.30320.27
MinimumVisualStudioVersion = 10.0.40219.1
Project("{8BC9CEB8-8B4A-11D0-8D11-00A0C91BC942}") = "BubbleSort", "BubbleSort\BubbleSort.vcxproj", "{50151E69-100F-4DDA-BA77-45A6AD235443}"
EndProject
Project("{8BC9CEB8-8B4A-11D0-8D11-00A0C91BC942}") = "SelectionSort", "SelectionSort\SelectionSort.vcxproj", "{03CB4957-8A69-4E86-BE4F-C68221F21A10}"
EndProject
Project("{8BC9CEB8-8B4A-11D0-8D11-00A0C91BC942}") = "QuickSort", "QuickSort\QuickSort.vcxproj", "{8F24C48A-1271-4618-A3E8-B20A9D5227A9}"
EndProject
Project("{8BC9CEB8-8B4A-11D0-8D11-00A0C91BC942}") = "MergeSort", "MergeSort\MergeSort.vcxproj", "{6B495CE8-D88D-46F7-9019-4B2B0391EA64}"
EndProject
Global
	GlobalSection(SolutionConfigurationPlatforms) = preSolution
		Debug|x64 = Debug|x64
		Debug|x86 = Debug|x86
		Release|x64 = Release|x64
		Release|x86 = Release|x86
	EndGlobalSection
	GlobalSection(ProjectConfigurationPlatforms) = postSolution
		{50151E69-100F-4DDA-BA77-45A6AD235443}.Debug|x64.ActiveCfg = Debug|x64
		{50151E69-100F-4DDA-BA77-45A6AD235443}.Debug|x64.Build.0 = Debug|x64
		{50151E69-100F-4DDA-BA77-45A6AD235443}.Debug|x86.ActiveCfg = Debug|Win32
		{50151E69-100F-4DDA-BA77-45A6AD235443}.Debug|x86.Build.0 = Debug|Win32
		{50151E69-100F-4DDA-BA77-45A6AD235443}.Release|x64.ActiveCfg = Release|x64
		{50151E69-100F-4DDA-BA77-45A6AD235443}.Release|x64.Build.0 = Release|x64
		{50151E69-100F-4DDA-BA77-45A6AD235443}.Release|x86.ActiveCfg = Release|Win32
		{50151E69-100F-4DDA-BA77-45A6AD235443}.Release|x86.Build.0 = Release|Win32
		{03CB4957-8A69-4E86-BE4F-C68221F21A10}.Debug|x64.ActiveCfg = Debug|x64
		{03CB4957-8A69-4E86-BE4F-C68221F21A10}.Debug|x64.Build.0 = Debug|x64
		{03CB4957-8A69-4E86-BE4F-C68221F21A10}.Debug|x86.ActiveCfg = Debug|Win32
		{03CB4957-8A69-4E86-BE4F-C68221F21A10}.Debug|x86.Build.0 = Debug|Win32
		{03CB4957-8A69-4E86-BE4F-C68221F21A10}.Release|x64.ActiveCfg = Release|x64
		{03CB4957-8A69-4E86-BE4F-C68221F21A10}.Release|x64.Build.0 = Release|x64
		{03CB4957-8A69-4E86-BE4F-C68221F21A10}.Release|x86.ActiveCfg = Release|Win32
		{03CB4957-8A69-4E86-BE4F-C68221F21A10}.Release|x86.Build.0 = Release|Win32
		{8F24C48A-1271-4618-A3E8-B20A9D5227A9}.Debug|x64.ActiveCfg = Debug|x64
		{8F24C48A-1271-4618-A3E8-B20A9D5227A9}.Debug|x64.Build.0 = Debug|x64
		{8F24C48A-1271-4618-A3E8-B20A9D5227A9}.Debug|x86.ActiveCfg = Debug|Win32
		{8F24C48A-1271-4618-A3E8-B20A9D5227A9}.Debug|x86.Build.0 = Debug|Win32
		{8F24C48A-1271-4618-A3E8-B20A9D5227A9}.Release|x64.ActiveCfg = Release|x64
		{8F24C48A-1271-4618-A3E8-B20A9D5227A9}.Release|x64.Build.0 = Release|x64
		{8F24C48A-1271-4618-A3E8-B20A9D5227A9}.Release|x86.ActiveCfg = Release|Win32
		{8F24C48A-1271-4618-A3E8-B20A9D5227A9}.Release|x86.Build.0 = Release|Win32
		{6B495CE8-D88D-46F7-9019-4B2B0391EA64}.Debug|x64.ActiveCfg = Debug|x64
		{6B495CE8-D88D-46F7-9019-4B2B0391EA64}.Debug|x64.Build.0 = Debug|x64
		{6B495CE8-D88D-46F7-9019-4B2B0391EA64}.Debug|x86.ActiveCfg = Debug|Win32
		{6B495CE8-D88D-46F7-9019-4B2B0391EA64}.Debug|x86.Build.0 = Debug|Win32
		{6B495CE8-D88D-46F7-9019-4B2B0391EA64}.Release|x64.ActiveCfg = Release|x64
		{6B495CE8-D88D-46F7-9019-4B2B0391EA64}.Release|x64.Build.0 = Release|x64
		{6B495CE8-D88D-46F7-9019-4B2B0391EA64}.Release|x86.ActiveCfg = Release|Win32
		{6B495CE8-D88D-46F7-9019-4B2B0391EA64}.Release|x86.Build.0 = Release|Win32
	EndGlobalSection
	GlobalSection(SolutionProperties) = preSolution
		HideSolutionNode = FALSE
	EndGlobalSection
	GlobalSection(ExtensibilityGlobals) = postSolution
		SolutionGuid = {630DEF2B-5460-4942-908E-4F5B88F7DCE7}
	EndGlobalSection
EndGlobal
